
Microsoft Visual Studio Solution File, Format Version 12.00
# Visual Studio Version 16
VisualStudioVersion = 16.0.31112.23
MinimumVisualStudioVersion = 10.0.40219.1
Project("{9A19103F-16F7-4668-BE54-9A1E7A4F7556}") = "RefactoringTest.ProductService", "RefactoringTest.ProductService\RefactoringTest.ProductService.csproj", "{BF7F14D5-4EAF-4D7F-8AA0-7864499DD78D}"
EndProject
Project("{9A19103F-16F7-4668-BE54-9A1E7A4F7556}") = "RefactoringTest.LegacyClient", "RefactoringTest.LegacyClient\RefactoringTest.LegacyClient.csproj", "{0BBB62D3-D42C-49E7-B5E4-9073E9ECF860}"
EndProject
Project("{FAE04EC0-301F-11D3-BF4B-00C04F79EFBC}") = "RefactoringTest.UnitTests", "RefactoringTest.UnitTests\RefactoringTest.UnitTests.csproj", "{3438DCAE-52AB-437F-B7F5-5A2660EAF02C}"
EndProject
Global
	GlobalSection(SolutionConfigurationPlatforms) = preSolution
		Debug|Any CPU = Debug|Any CPU
		Release|Any CPU = Release|Any CPU
	EndGlobalSection
	GlobalSection(ProjectConfigurationPlatforms) = postSolution
		{BF7F14D5-4EAF-4D7F-8AA0-7864499DD78D}.Debug|Any CPU.ActiveCfg = Debug|Any CPU
		{BF7F14D5-4EAF-4D7F-8AA0-7864499DD78D}.Debug|Any CPU.Build.0 = Debug|Any CPU
		{BF7F14D5-4EAF-4D7F-8AA0-7864499DD78D}.Release|Any CPU.ActiveCfg = Release|Any CPU
		{BF7F14D5-4EAF-4D7F-8AA0-7864499DD78D}.Release|Any CPU.Build.0 = Release|Any CPU
		{0BBB62D3-D42C-49E7-B5E4-9073E9ECF860}.Debug|Any CPU.ActiveCfg = Debug|Any CPU
		{0BBB62D3-D42C-49E7-B5E4-9073E9ECF860}.Debug|Any CPU.Build.0 = Debug|Any CPU
		{0BBB62D3-D42C-49E7-B5E4-9073E9ECF860}.Release|Any CPU.ActiveCfg = Release|Any CPU
		{0BBB62D3-D42C-49E7-B5E4-9073E9ECF860}.Release|Any CPU.Build.0 = Release|Any CPU
		{3438DCAE-52AB-437F-B7F5-5A2660EAF02C}.Debug|Any CPU.ActiveCfg = Debug|Any CPU
		{3438DCAE-52AB-437F-B7F5-5A2660EAF02C}.Debug|Any CPU.Build.0 = Debug|Any CPU
		{3438DCAE-52AB-437F-B7F5-5A2660EAF02C}.Release|Any CPU.ActiveCfg = Release|Any CPU
		{3438DCAE-52AB-437F-B7F5-5A2660EAF02C}.Release|Any CPU.Build.0 = Release|Any CPU
	EndGlobalSection
	GlobalSection(SolutionProperties) = preSolution
		HideSolutionNode = FALSE
	EndGlobalSection
	GlobalSection(ExtensibilityGlobals) = postSolution
		SolutionGuid = {FD541D3C-B794-489F-B4D9-324A95AE2658}
	EndGlobalSection
EndGlobal
